// !$*UTF8*$!
{
	archiveVersion = 1;
	classes = {
	};
	objectVersion = 77;
	objects = {

/* Begin PBXBuildFile section */
		C3462F492D1FEA5500908594 /* FirebaseAnalytics in Frameworks */ = {isa = PBXBuildFile; productRef = C3462F482D1FEA5500908594 /* FirebaseAnalytics */; };
		C3462F4B2D1FEA5500908594 /* FirebaseAuth in Frameworks */ = {isa = PBXBuildFile; productRef = C3462F4A2D1FEA5500908594 /* FirebaseAuth */; };
		C3462F4D2D1FEA5500908594 /* FirebaseFirestore in Frameworks */ = {isa = PBXBuildFile; productRef = C3462F4C2D1FEA5500908594 /* FirebaseFirestore */; };
		C3462F4F2D1FEA5500908594 /* FirebaseFirestoreCombine-Community in Frameworks */ = {isa = PBXBuildFile; productRef = C3462F4E2D1FEA5500908594 /* FirebaseFirestoreCombine-Community */; };
		C3462F512D1FEA5500908594 /* FirebaseStorage in Frameworks */ = {isa = PBXBuildFile; productRef = C3462F502D1FEA5500908594 /* FirebaseStorage */; };
/* End PBXBuildFile section */

/* Begin PBXContainerItemProxy section */
		C39F53812D5EFD2900F023EE /* PBXContainerItemProxy */ = {
			isa = PBXContainerItemProxy;
			containerPortal = C3462F282D1FCE6300908594 /* Project object */;
			proxyType = 1;
			remoteGlobalIDString = C3462F2F2D1FCE6300908594;
			remoteInfo = Rust;
		};
/* End PBXContainerItemProxy section */

/* Begin PBXFileReference section */
		C3462F302D1FCE6300908594 /* Rust.app */ = {isa = PBXFileReference; explicitFileType = wrapper.application; includeInIndex = 0; path = Rust.app; sourceTree = BUILT_PRODUCTS_DIR; };
		C39F537D2D5EFD2900F023EE /* RustTests.xctest */ = {isa = PBXFileReference; explicitFileType = wrapper.cfbundle; includeInIndex = 0; path = RustTests.xctest; sourceTree = BUILT_PRODUCTS_DIR; };
/* End PBXFileReference section */

/* Begin PBXFileSystemSynchronizedRootGroup section */
		C3462F322D1FCE6300908594 /* ProjectExample */ = {
			isa = PBXFileSystemSynchronizedRootGroup;
			path = ProjectExample;
			sourceTree = "<group>";
		};
		C39F537E2D5EFD2900F023EE /* RustTests */ = {
			isa = PBXFileSystemSynchronizedRootGroup;
			path = RustTests;
			sourceTree = "<group>";
		};
/* End PBXFileSystemSynchronizedRootGroup section */

/* Begin PBXFrameworksBuildPhase section */
		C3462F2D2D1FCE6300908594 /* Frameworks */ = {
			isa = PBXFrameworksBuildPhase;
			buildActionMask = 2147483647;
			files = (
				C3462F492D1FEA5500908594 /* FirebaseAnalytics in Frameworks */,
				C3462F4F2D1FEA5500908594 /* FirebaseFirestoreCombine-Community in Frameworks */,
				C3462F4B2D1FEA5500908594 /* FirebaseAuth in Frameworks */,
				C3462F512D1FEA5500908594 /* FirebaseStorage in Frameworks */,
				C3462F4D2D1FEA5500908594 /* FirebaseFirestore in Frameworks */,
			);
			runOnlyForDeploymentPostprocessing = 0;
		};
		C39F537A2D5EFD2900F023EE /* Frameworks */ = {
			isa = PBXFrameworksBuildPhase;
			buildActionMask = 2147483647;
			files = (
			);
			runOnlyForDeploymentPostprocessing = 0;
		};
/* End PBXFrameworksBuildPhase section */

/* Begin PBXGroup section */
		C3462F272D1FCE6300908594 = {
			isa = PBXGroup;
			children = (
				C3462F322D1FCE6300908594 /* ProjectExample */,
				C39F537E2D5EFD2900F023EE /* RustTests */,
				C3462F312D1FCE6300908594 /* Products */,
			);
			sourceTree = "<group>";
		};
		C3462F312D1FCE6300908594 /* Products */ = {
			isa = PBXGroup;
			children = (
				C3462F302D1FCE6300908594 /* Rust.app */,
				C39F537D2D5EFD2900F023EE /* RustTests.xctest */,
			);
			name = Products;
			sourceTree = "<group>";
		};
/* End PBXGroup section */

/* Begin PBXNativeTarget section */
		C3462F2F2D1FCE6300908594 /* Rust */ = {
			isa = PBXNativeTarget;
			buildConfigurationList = C3462F402D1FCE6500908594 /* Build configuration list for PBXNativeTarget "Rust" */;
			buildPhases = (
				C3462F2C2D1FCE6300908594 /* Sources */,
				C3462F2D2D1FCE6300908594 /* Frameworks */,
				C3462F2E2D1FCE6300908594 /* Resources */,
			);
			buildRules = (
			);
			dependencies = (
			);
			fileSystemSynchronizedGroups = (
				C3462F322D1FCE6300908594 /* ProjectExample */,
			);
			name = Rust;
			packageProductDependencies = (
				C3462F482D1FEA5500908594 /* FirebaseAnalytics */,
				C3462F4A2D1FEA5500908594 /* FirebaseAuth */,
				C3462F4C2D1FEA5500908594 /* FirebaseFirestore */,
				C3462F4E2D1FEA5500908594 /* FirebaseFirestoreCombine-Community */,
				C3462F502D1FEA5500908594 /* FirebaseStorage */,
			);
			productName = ProjectExample;
			productReference = C3462F302D1FCE6300908594 /* Rust.app */;
			productType = "com.apple.product-type.application";
		};
		C39F537C2D5EFD2900F023EE /* RustTests */ = {
			isa = PBXNativeTarget;
			buildConfigurationList = C39F53852D5EFD2900F023EE /* Build configuration list for PBXNativeTarget "RustTests" */;
			buildPhases = (
				C39F53792D5EFD2900F023EE /* Sources */,
				C39F537A2D5EFD2900F023EE /* Frameworks */,
				C39F537B2D5EFD2900F023EE /* Resources */,
			);
			buildRules = (
			);
			dependencies = (
				C39F53822D5EFD2900F023EE /* PBXTargetDependency */,
			);
			fileSystemSynchronizedGroups = (
				C39F537E2D5EFD2900F023EE /* RustTests */,
			);
			name = RustTests;
			packageProductDependencies = (
			);
			productName = RustTests;
			productReference = C39F537D2D5EFD2900F023EE /* RustTests.xctest */;
			productType = "com.apple.product-type.bundle.unit-test";
		};
/* End PBXNativeTarget section */

/* Begin PBXProject section */
		C3462F282D1FCE6300908594 /* Project object */ = {
			isa = PBXProject;
			attributes = {
				BuildIndependentTargetsInParallel = 1;
				LastSwiftUpdateCheck = 1620;
				LastUpgradeCheck = 1620;
				TargetAttributes = {
					C3462F2F2D1FCE6300908594 = {
						CreatedOnToolsVersion = 16.2;
					};
					C39F537C2D5EFD2900F023EE = {
						CreatedOnToolsVersion = 16.2;
						TestTargetID = C3462F2F2D1FCE6300908594;
					};
				};
			};
			buildConfigurationList = C3462F2B2D1FCE6300908594 /* Build configuration list for PBXProject "Rust" */;
			developmentRegion = en;
			hasScannedForEncodings = 0;
			knownRegions = (
				en,
				Base,
			);
			mainGroup = C3462F272D1FCE6300908594;
			minimizedProjectReferenceProxies = 1;
			packageReferences = (
				C3462F472D1FEA5500908594 /* XCRemoteSwiftPackageReference "firebase-ios-sdk" */,
			);
			preferredProjectObjectVersion = 77;
			productRefGroup = C3462F312D1FCE6300908594 /* Products */;
			projectDirPath = "";
			projectRoot = "";
			targets = (
				C3462F2F2D1FCE6300908594 /* Rust */,
				C39F537C2D5EFD2900F023EE /* RustTests */,
			);
		};
/* End PBXProject section */

/* Begin PBXResourcesBuildPhase section */
		C3462F2E2D1FCE6300908594 /* Resources */ = {
			isa = PBXResourcesBuildPhase;
			buildActionMask = 2147483647;
			files = (
			);
			runOnlyForDeploymentPostprocessing = 0;
		};
		C39F537B2D5EFD2900F023EE /* Resources */ = {
			isa = PBXResourcesBuildPhase;
			buildActionMask = 2147483647;
			files = (
			);
			runOnlyForDeploymentPostprocessing = 0;
		};
/* End PBXResourcesBuildPhase section */

/* Begin PBXSourcesBuildPhase section */
		C3462F2C2D1FCE6300908594 /* Sources */ = {
			isa = PBXSourcesBuildPhase;
			buildActionMask = 2147483647;
			files = (
			);
			runOnlyForDeploymentPostprocessing = 0;
		};
		C39F53792D5EFD2900F023EE /* Sources */ = {
			isa = PBXSourcesBuildPhase;
			buildActionMask = 2147483647;
			files = (
			);
			runOnlyForDeploymentPostprocessing = 0;
		};
/* End PBXSourcesBuildPhase section */

/* Begin PBXTargetDependency section */
		C39F53822D5EFD2900F023EE /* PBXTargetDependency */ = {
			isa = PBXTargetDependency;
			target = C3462F2F2D1FCE6300908594 /* Rust */;
			targetProxy = C39F53812D5EFD2900F023EE /* PBXContainerItemProxy */;
		};
/* End PBXTargetDependency section */

/* Begin XCBuildConfiguration section */
		C3462F3E2D1FCE6500908594 /* Debug */ = {
			isa = XCBuildConfiguration;
			buildSettings = {
				ALWAYS_SEARCH_USER_PATHS = NO;
				ASSETCATALOG_COMPILER_GENERATE_SWIFT_ASSET_SYMBOL_EXTENSIONS = YES;
				CLANG_ANALYZER_NONNULL = YES;
				CLANG_ANALYZER_NUMBER_OBJECT_CONVERSION = YES_AGGRESSIVE;
				CLANG_CXX_LANGUAGE_STANDARD = "gnu++20";
				CLANG_ENABLE_MODULES = YES;
				CLANG_ENABLE_OBJC_ARC = YES;
				CLANG_ENABLE_OBJC_WEAK = YES;
				CLANG_WARN_BLOCK_CAPTURE_AUTORELEASING = YES;
				CLANG_WARN_BOOL_CONVERSION = YES;
				CLANG_WARN_COMMA = YES;
				CLANG_WARN_CONSTANT_CONVERSION = YES;
				CLANG_WARN_DEPRECATED_OBJC_IMPLEMENTATIONS = YES;
				CLANG_WARN_DIRECT_OBJC_ISA_USAGE = YES_ERROR;
				CLANG_WARN_DOCUMENTATION_COMMENTS = YES;
				CLANG_WARN_EMPTY_BODY = YES;
				CLANG_WARN_ENUM_CONVERSION = YES;
				CLANG_WARN_INFINITE_RECURSION = YES;
				CLANG_WARN_INT_CONVERSION = YES;
				CLANG_WARN_NON_LITERAL_NULL_CONVERSION = YES;
				CLANG_WARN_OBJC_IMPLICIT_RETAIN_SELF = YES;
				CLANG_WARN_OBJC_LITERAL_CONVERSION = YES;
				CLANG_WARN_OBJC_ROOT_CLASS = YES_ERROR;
				CLANG_WARN_QUOTED_INCLUDE_IN_FRAMEWORK_HEADER = YES;
				CLANG_WARN_RANGE_LOOP_ANALYSIS = YES;
				CLANG_WARN_STRICT_PROTOTYPES = YES;
				CLANG_WARN_SUSPICIOUS_MOVE = YES;
				CLANG_WARN_UNGUARDED_AVAILABILITY = YES_AGGRESSIVE;
				CLANG_WARN_UNREACHABLE_CODE = YES;
				CLANG_WARN__DUPLICATE_METHOD_MATCH = YES;
				COPY_PHASE_STRIP = NO;
				DEBUG_INFORMATION_FORMAT = dwarf;
				ENABLE_STRICT_OBJC_MSGSEND = YES;
				ENABLE_TESTABILITY = YES;
				ENABLE_USER_SCRIPT_SANDBOXING = YES;
				GCC_C_LANGUAGE_STANDARD = gnu17;
				GCC_DYNAMIC_NO_PIC = NO;
				GCC_NO_COMMON_BLOCKS = YES;
				GCC_OPTIMIZATION_LEVEL = 0;
				GCC_PREPROCESSOR_DEFINITIONS = (
					"DEBUG=1",
					"$(inherited)",
				);
				GCC_WARN_64_TO_32_BIT_CONVERSION = YES;
				GCC_WARN_ABOUT_RETURN_TYPE = YES_ERROR;
				GCC_WARN_UNDECLARED_SELECTOR = YES;
				GCC_WARN_UNINITIALIZED_AUTOS = YES_AGGRESSIVE;
				GCC_WARN_UNUSED_FUNCTION = YES;
				GCC_WARN_UNUSED_VARIABLE = YES;
				IPHONEOS_DEPLOYMENT_TARGET = 18.2;
				LOCALIZATION_PREFERS_STRING_CATALOGS = YES;
				MTL_ENABLE_DEBUG_INFO = INCLUDE_SOURCE;
				MTL_FAST_MATH = YES;
				ONLY_ACTIVE_ARCH = YES;
				SDKROOT = iphoneos;
				SWIFT_ACTIVE_COMPILATION_CONDITIONS = "DEBUG $(inherited)";
				SWIFT_OPTIMIZATION_LEVEL = "-Onone";
			};
			name = Debug;
		};
		C3462F3F2D1FCE6500908594 /* Release */ = {
			isa = XCBuildConfiguration;
			buildSettings = {
				ALWAYS_SEARCH_USER_PATHS = NO;
				ASSETCATALOG_COMPILER_GENERATE_SWIFT_ASSET_SYMBOL_EXTENSIONS = YES;
				CLANG_ANALYZER_NONNULL = YES;
				CLANG_ANALYZER_NUMBER_OBJECT_CONVERSION = YES_AGGRESSIVE;
				CLANG_CXX_LANGUAGE_STANDARD = "gnu++20";
				CLANG_ENABLE_MODULES = YES;
				CLANG_ENABLE_OBJC_ARC = YES;
				CLANG_ENABLE_OBJC_WEAK = YES;
				CLANG_WARN_BLOCK_CAPTURE_AUTORELEASING = YES;
				CLANG_WARN_BOOL_CONVERSION = YES;
				CLANG_WARN_COMMA = YES;
				CLANG_WARN_CONSTANT_CONVERSION = YES;
				CLANG_WARN_DEPRECATED_OBJC_IMPLEMENTATIONS = YES;
				CLANG_WARN_DIRECT_OBJC_ISA_USAGE = YES_ERROR;
				CLANG_WARN_DOCUMENTATION_COMMENTS = YES;
				CLANG_WARN_EMPTY_BODY = YES;
				CLANG_WARN_ENUM_CONVERSION = YES;
				CLANG_WARN_INFINITE_RECURSION = YES;
				CLANG_WARN_INT_CONVERSION = YES;
				CLANG_WARN_NON_LITERAL_NULL_CONVERSION = YES;
				CLANG_WARN_OBJC_IMPLICIT_RETAIN_SELF = YES;
				CLANG_WARN_OBJC_LITERAL_CONVERSION = YES;
				CLANG_WARN_OBJC_ROOT_CLASS = YES_ERROR;
				CLANG_WARN_QUOTED_INCLUDE_IN_FRAMEWORK_HEADER = YES;
				CLANG_WARN_RANGE_LOOP_ANALYSIS = YES;
				CLANG_WARN_STRICT_PROTOTYPES = YES;
				CLANG_WARN_SUSPICIOUS_MOVE = YES;
				CLANG_WARN_UNGUARDED_AVAILABILITY = YES_AGGRESSIVE;
				CLANG_WARN_UNREACHABLE_CODE = YES;
				CLANG_WARN__DUPLICATE_METHOD_MATCH = YES;
				COPY_PHASE_STRIP = NO;
				DEBUG_INFORMATION_FORMAT = "dwarf-with-dsym";
				ENABLE_NS_ASSERTIONS = NO;
				ENABLE_STRICT_OBJC_MSGSEND = YES;
				ENABLE_USER_SCRIPT_SANDBOXING = YES;
				GCC_C_LANGUAGE_STANDARD = gnu17;
				GCC_NO_COMMON_BLOCKS = YES;
				GCC_WARN_64_TO_32_BIT_CONVERSION = YES;
				GCC_WARN_ABOUT_RETURN_TYPE = YES_ERROR;
				GCC_WARN_UNDECLARED_SELECTOR = YES;
				GCC_WARN_UNINITIALIZED_AUTOS = YES_AGGRESSIVE;
				GCC_WARN_UNUSED_FUNCTION = YES;
				GCC_WARN_UNUSED_VARIABLE = YES;
				IPHONEOS_DEPLOYMENT_TARGET = 18.2;
				LOCALIZATION_PREFERS_STRING_CATALOGS = YES;
				MTL_ENABLE_DEBUG_INFO = NO;
				MTL_FAST_MATH = YES;
				SDKROOT = iphoneos;
				SWIFT_COMPILATION_MODE = wholemodule;
				VALIDATE_PRODUCT = YES;
			};
			name = Release;
		};
		C3462F412D1FCE6500908594 /* Debug */ = {
			isa = XCBuildConfiguration;
			buildSettings = {
				ASSETCATALOG_COMPILER_APPICON_NAME = AppIcon;
				ASSETCATALOG_COMPILER_GLOBAL_ACCENT_COLOR_NAME = AccentColor;
				CODE_SIGN_STYLE = Automatic;
				CURRENT_PROJECT_VERSION = 1;
				DEVELOPMENT_ASSET_PATHS = "\"ProjectExample/Preview Content\"";
				DEVELOPMENT_TEAM = TN5PLT8WM4;
				ENABLE_PREVIEWS = YES;
				GENERATE_INFOPLIST_FILE = YES;
				INFOPLIST_KEY_UIApplicationSceneManifest_Generation = YES;
				INFOPLIST_KEY_UIApplicationSupportsIndirectInputEvents = YES;
				INFOPLIST_KEY_UILaunchScreen_Generation = YES;
				INFOPLIST_KEY_UISupportedInterfaceOrientations = "UIInterfaceOrientationLandscapeLeft UIInterfaceOrientationLandscapeRight UIInterfaceOrientationPortrait UIInterfaceOrientationPortraitUpsideDown";
				IPHONEOS_DEPLOYMENT_TARGET = 18.0;
				LD_RUNPATH_SEARCH_PATHS = (
					"$(inherited)",
					"@executable_path/Frameworks",
				);
				MARKETING_VERSION = 1.0;
				PRODUCT_BUNDLE_IDENTIFIER = com.Ameen.ProjectExample;
				PRODUCT_NAME = "$(TARGET_NAME)";
				SWIFT_EMIT_LOC_STRINGS = YES;
				SWIFT_VERSION = 5.0;
				TARGETED_DEVICE_FAMILY = "1,2";
			};
			name = Debug;
		};
		C3462F422D1FCE6500908594 /* Release */ = {
			isa = XCBuildConfiguration;
			buildSettings = {
				ASSETCATALOG_COMPILER_APPICON_NAME = AppIcon;
				ASSETCATALOG_COMPILER_GLOBAL_ACCENT_COLOR_NAME = AccentColor;
				CODE_SIGN_STYLE = Automatic;
				CURRENT_PROJECT_VERSION = 1;
				DEVELOPMENT_ASSET_PATHS = "\"ProjectExample/Preview Content\"";
				DEVELOPMENT_TEAM = TN5PLT8WM4;
				ENABLE_PREVIEWS = YES;
				GENERATE_INFOPLIST_FILE = YES;
				INFOPLIST_KEY_UIApplicationSceneManifest_Generation = YES;
				INFOPLIST_KEY_UIApplicationSupportsIndirectInputEvents = YES;
				INFOPLIST_KEY_UILaunchScreen_Generation = YES;
				INFOPLIST_KEY_UISupportedInterfaceOrientations = "UIInterfaceOrientationLandscapeLeft UIInterfaceOrientationLandscapeRight UIInterfaceOrientationPortrait UIInterfaceOrientationPortraitUpsideDown";
				IPHONEOS_DEPLOYMENT_TARGET = 18.0;
				LD_RUNPATH_SEARCH_PATHS = (
					"$(inherited)",
					"@executable_path/Frameworks",
				);
				MARKETING_VERSION = 1.0;
				PRODUCT_BUNDLE_IDENTIFIER = com.Ameen.ProjectExample;
				PRODUCT_NAME = "$(TARGET_NAME)";
				SWIFT_EMIT_LOC_STRINGS = YES;
				SWIFT_VERSION = 5.0;
				TARGETED_DEVICE_FAMILY = "1,2";
			};
			name = Release;
		};
		C39F53832D5EFD2900F023EE /* Debug */ = {
			isa = XCBuildConfiguration;
			buildSettings = {
				BUNDLE_LOADER = "$(TEST_HOST)";
				CODE_SIGN_STYLE = Automatic;
				CURRENT_PROJECT_VERSION = 1;
				GENERATE_INFOPLIST_FILE = YES;
				MARKETING_VERSION = 1.0;
				PRODUCT_BUNDLE_IDENTIFIER = com.Ameen.RustTests;
				PRODUCT_NAME = "$(TARGET_NAME)";
				SWIFT_EMIT_LOC_STRINGS = NO;
				SWIFT_VERSION = 5.0;
				TARGETED_DEVICE_FAMILY = "1,2";
				TEST_HOST = "$(BUILT_PRODUCTS_DIR)/Rust.app/$(BUNDLE_EXECUTABLE_FOLDER_PATH)/Rust";
			};
			name = Debug;
		};
		C39F53842D5EFD2900F023EE /* Release */ = {
			isa = XCBuildConfiguration;
			buildSettings = {
				BUNDLE_LOADER = "$(TEST_HOST)";
				CODE_SIGN_STYLE = Automatic;
				CURRENT_PROJECT_VERSION = 1;
				GENERATE_INFOPLIST_FILE = YES;
				MARKETING_VERSION = 1.0;
				PRODUCT_BUNDLE_IDENTIFIER = com.Ameen.RustTests;
				PRODUCT_NAME = "$(TARGET_NAME)";
				SWIFT_EMIT_LOC_STRINGS = NO;
				SWIFT_VERSION = 5.0;
				TARGETED_DEVICE_FAMILY = "1,2";
				TEST_HOST = "$(BUILT_PRODUCTS_DIR)/Rust.app/$(BUNDLE_EXECUTABLE_FOLDER_PATH)/Rust";
			};
			name = Release;
		};
/* End XCBuildConfiguration section */

/* Begin XCConfigurationList section */
		C3462F2B2D1FCE6300908594 /* Build configuration list for PBXProject "Rust" */ = {
			isa = XCConfigurationList;
			buildConfigurations = (
				C3462F3E2D1FCE6500908594 /* Debug */,
				C3462F3F2D1FCE6500908594 /* Release */,
			);
			defaultConfigurationIsVisible = 0;
			defaultConfigurationName = Release;
		};
		C3462F402D1FCE6500908594 /* Build configuration list for PBXNativeTarget "Rust" */ = {
			isa = XCConfigurationList;
			buildConfigurations = (
				C3462F412D1FCE6500908594 /* Debug */,
				C3462F422D1FCE6500908594 /* Release */,
			);
			defaultConfigurationIsVisible = 0;
			defaultConfigurationName = Release;
		};
		C39F53852D5EFD2900F023EE /* Build configuration list for PBXNativeTarget "RustTests" */ = {
			isa = XCConfigurationList;
			buildConfigurations = (
				C39F53832D5EFD2900F023EE /* Debug */,
				C39F53842D5EFD2900F023EE /* Release */,
			);
			defaultConfigurationIsVisible = 0;
			defaultConfigurationName = Release;
		};
/* End XCConfigurationList section */

/* Begin XCRemoteSwiftPackageReference section */
		C3462F472D1FEA5500908594 /* XCRemoteSwiftPackageReference "firebase-ios-sdk" */ = {
			isa = XCRemoteSwiftPackageReference;
			repositoryURL = "https://github.com/firebase/firebase-ios-sdk";
			requirement = {
				kind = exactVersion;
				version = 11.6.0;
			};
		};
/* End XCRemoteSwiftPackageReference section */

/* Begin XCSwiftPackageProductDependency section */
		C3462F482D1FEA5500908594 /* FirebaseAnalytics */ = {
			isa = XCSwiftPackageProductDependency;
			package = C3462F472D1FEA5500908594 /* XCRemoteSwiftPackageReference "firebase-ios-sdk" */;
			productName = FirebaseAnalytics;
		};
		C3462F4A2D1FEA5500908594 /* FirebaseAuth */ = {
			isa = XCSwiftPackageProductDependency;
			package = C3462F472D1FEA5500908594 /* XCRemoteSwiftPackageReference "firebase-ios-sdk" */;
			productName = FirebaseAuth;
		};
		C3462F4C2D1FEA5500908594 /* FirebaseFirestore */ = {
			isa = XCSwiftPackageProductDependency;
			package = C3462F472D1FEA5500908594 /* XCRemoteSwiftPackageReference "firebase-ios-sdk" */;
			productName = FirebaseFirestore;
		};
		C3462F4E2D1FEA5500908594 /* FirebaseFirestoreCombine-Community */ = {
			isa = XCSwiftPackageProductDependency;
			package = C3462F472D1FEA5500908594 /* XCRemoteSwiftPackageReference "firebase-ios-sdk" */;
			productName = "FirebaseFirestoreCombine-Community";
		};
		C3462F502D1FEA5500908594 /* FirebaseStorage */ = {
			isa = XCSwiftPackageProductDependency;
			package = C3462F472D1FEA5500908594 /* XCRemoteSwiftPackageReference "firebase-ios-sdk" */;
			productName = FirebaseStorage;
		};
/* End XCSwiftPackageProductDependency section */
	};
	rootObject = C3462F282D1FCE6300908594 /* Project object */;
}
